
Microsoft Visual Studio Solution File, Format Version 12.00
# Visual Studio 15
VisualStudioVersion = 15.0.26430.14
MinimumVisualStudioVersion = 10.0.40219.1
Project("{FAE04EC0-301F-11D3-BF4B-00C04F79EFBC}") = "godGameServer", "godGameServer\godGameServer.csproj", "{C93C8A21-4582-47F3-8782-A14FF5F75AEA}"
EndProject
Project("{FAE04EC0-301F-11D3-BF4B-00C04F79EFBC}") = "com.xxy.NetFrame", "com.xxy.NetFrame\com.xxy.NetFrame.csproj", "{26754EB8-C2A9-43BE-81C8-F1844E47B2BE}"
EndProject
Project("{FAE04EC0-301F-11D3-BF4B-00C04F79EFBC}") = "com.xxy.Protocol", "Protocol\com.xxy.Protocol.csproj", "{59DF6001-F34C-4714-A6E9-4BAEF28201D7}"
EndProject
Project("{FAE04EC0-301F-11D3-BF4B-00C04F79EFBC}") = "godGameClient", "godGameClient\godGameClient.csproj", "{C8095FA6-52CE-47EC-B431-6F6EF941911F}"
EndProject
Project("{FAE04EC0-301F-11D3-BF4B-00C04F79EFBC}") = "com.xxy.logic2", "com.xxy.logic2\com.xxy.logic2.csproj", "{AFAB2B4C-7AAD-4572-BEEB-FBADD9E9F0DA}"
EndProject
Global
	GlobalSection(SolutionConfigurationPlatforms) = preSolution
		Debug|Any CPU = Debug|Any CPU
		Release|Any CPU = Release|Any CPU
	EndGlobalSection
	GlobalSection(ProjectConfigurationPlatforms) = postSolution
		{C93C8A21-4582-47F3-8782-A14FF5F75AEA}.Debug|Any CPU.ActiveCfg = Debug|Any CPU
		{C93C8A21-4582-47F3-8782-A14FF5F75AEA}.Debug|Any CPU.Build.0 = Debug|Any CPU
		{C93C8A21-4582-47F3-8782-A14FF5F75AEA}.Release|Any CPU.ActiveCfg = Release|Any CPU
		{C93C8A21-4582-47F3-8782-A14FF5F75AEA}.Release|Any CPU.Build.0 = Release|Any CPU
		{26754EB8-C2A9-43BE-81C8-F1844E47B2BE}.Debug|Any CPU.ActiveCfg = Debug|Any CPU
		{26754EB8-C2A9-43BE-81C8-F1844E47B2BE}.Debug|Any CPU.Build.0 = Debug|Any CPU
		{26754EB8-C2A9-43BE-81C8-F1844E47B2BE}.Release|Any CPU.ActiveCfg = Release|Any CPU
		{26754EB8-C2A9-43BE-81C8-F1844E47B2BE}.Release|Any CPU.Build.0 = Release|Any CPU
		{59DF6001-F34C-4714-A6E9-4BAEF28201D7}.Debug|Any CPU.ActiveCfg = Debug|Any CPU
		{59DF6001-F34C-4714-A6E9-4BAEF28201D7}.Debug|Any CPU.Build.0 = Debug|Any CPU
		{59DF6001-F34C-4714-A6E9-4BAEF28201D7}.Release|Any CPU.ActiveCfg = Release|Any CPU
		{59DF6001-F34C-4714-A6E9-4BAEF28201D7}.Release|Any CPU.Build.0 = Release|Any CPU
		{C8095FA6-52CE-47EC-B431-6F6EF941911F}.Debug|Any CPU.ActiveCfg = Debug|Any CPU
		{C8095FA6-52CE-47EC-B431-6F6EF941911F}.Debug|Any CPU.Build.0 = Debug|Any CPU
		{C8095FA6-52CE-47EC-B431-6F6EF941911F}.Release|Any CPU.ActiveCfg = Release|Any CPU
		{C8095FA6-52CE-47EC-B431-6F6EF941911F}.Release|Any CPU.Build.0 = Release|Any CPU
		{AFAB2B4C-7AAD-4572-BEEB-FBADD9E9F0DA}.Debug|Any CPU.ActiveCfg = Debug|Any CPU
		{AFAB2B4C-7AAD-4572-BEEB-FBADD9E9F0DA}.Debug|Any CPU.Build.0 = Debug|Any CPU
		{AFAB2B4C-7AAD-4572-BEEB-FBADD9E9F0DA}.Release|Any CPU.ActiveCfg = Release|Any CPU
		{AFAB2B4C-7AAD-4572-BEEB-FBADD9E9F0DA}.Release|Any CPU.Build.0 = Release|Any CPU
	EndGlobalSection
	GlobalSection(SolutionProperties) = preSolution
		HideSolutionNode = FALSE
	EndGlobalSection
	GlobalSection(ExtensibilityGlobals) = postSolution
		SolutionGuid = {3B37F265-1829-4B49-9F60-9BE829AFAF7D}
	EndGlobalSection
EndGlobal
